
Microsoft Visual Studio Solution File, Format Version 12.00
# 
VisualStudioVersion = 17.5.002.0
MinimumVisualStudioVersion = 
Project("{2150E333-8FDC-42A3-9474-1A3956D46DE8}") = "src", "src", "{8864B8E5-2F23-4778-BBF7-DDEFD166950B}"
EndProject
Project("{2150E333-8FDC-42A3-9474-1A3956D46DE8}") = "build", "build", "{ED0957C3-0B03-4EFE-9282-B37ABB6CDB24}"
	ProjectSection(SolutionItems) = preProject
		Directory.Build.props = Directory.Build.props
		Directory.Packages.props = Directory.Packages.props
		Directory.build.targets = Directory.build.targets
	EndProjectSection
EndProject
Project("{2150E333-8FDC-42A3-9474-1A3956D46DE8}") = "docs", "docs", "{85B04BD2-2182-450B-BD91-83023633E95E}"
	ProjectSection(SolutionItems) = preProject
		README.md = README.md
	EndProjectSection
EndProject
Project("{2150E333-8FDC-42A3-9474-1A3956D46DE8}") = "config", "config", "{3BBEF48A-8C70-476D-A90A-5F37E7CD46EC}"
	ProjectSection(SolutionItems) = preProject
		.gitignore = .gitignore
	EndProjectSection
EndProject
Project("{FAE04EC0-301F-11D3-BF4B-00C04F79EFBC}") = "Kentico.Xperience.Contacts.Importer", "src\Kentico.Xperience.Contacts.Importer\Kentico.Xperience.Contacts.Importer.csproj", "{C6D47E41-7FC9-4611-AC0A-828BCD4B4162}"
EndProject
Project("{2150E333-8FDC-42A3-9474-1A3956D46DE8}") = "test", "test", "{FC395345-C5AA-42FE-906B-4392A29C5D6D}"
EndProject
Project("{FAE04EC0-301F-11D3-BF4B-00C04F79EFBC}") = "Kentico.Xperience.Contacts.Importer.Generator", "test\Kentico.Xperience.Contacts.Importer.Generator\Kentico.Xperience.Contacts.Importer.Generator.csproj", "{C3F895F9-7AC4-423D-9355-FC2C52CDAD4C}"
EndProject
Project("{2150E333-8FDC-42A3-9474-1A3956D46DE8}") = "examples", "examples", "{2B1F5CE2-6EB9-4181-929D-09B27A9D948C}"
EndProject
Project("{FAE04EC0-301F-11D3-BF4B-00C04F79EFBC}") = "DancingGoat", "examples\DancingGoat\DancingGoat.csproj", "{BF2CC684-A0E3-4D2A-B193-5FE430C60D21}"
EndProject
Global
	GlobalSection(SolutionConfigurationPlatforms) = preSolution
		Debug|Any CPU = Debug|Any CPU
		Release|Any CPU = Release|Any CPU
	EndGlobalSection
	GlobalSection(ProjectConfigurationPlatforms) = postSolution
		{C6D47E41-7FC9-4611-AC0A-828BCD4B4162}.Debug|Any CPU.ActiveCfg = Debug|Any CPU
		{C6D47E41-7FC9-4611-AC0A-828BCD4B4162}.Debug|Any CPU.Build.0 = Debug|Any CPU
		{C6D47E41-7FC9-4611-AC0A-828BCD4B4162}.Release|Any CPU.ActiveCfg = Release|Any CPU
		{C6D47E41-7FC9-4611-AC0A-828BCD4B4162}.Release|Any CPU.Build.0 = Release|Any CPU
		{C3F895F9-7AC4-423D-9355-FC2C52CDAD4C}.Debug|Any CPU.ActiveCfg = Debug|Any CPU
		{C3F895F9-7AC4-423D-9355-FC2C52CDAD4C}.Debug|Any CPU.Build.0 = Debug|Any CPU
		{C3F895F9-7AC4-423D-9355-FC2C52CDAD4C}.Release|Any CPU.ActiveCfg = Release|Any CPU
		{C3F895F9-7AC4-423D-9355-FC2C52CDAD4C}.Release|Any CPU.Build.0 = Release|Any CPU
		{BF2CC684-A0E3-4D2A-B193-5FE430C60D21}.Debug|Any CPU.ActiveCfg = Debug|Any CPU
		{BF2CC684-A0E3-4D2A-B193-5FE430C60D21}.Debug|Any CPU.Build.0 = Debug|Any CPU
		{BF2CC684-A0E3-4D2A-B193-5FE430C60D21}.Release|Any CPU.ActiveCfg = Release|Any CPU
		{BF2CC684-A0E3-4D2A-B193-5FE430C60D21}.Release|Any CPU.Build.0 = Release|Any CPU
	EndGlobalSection
	GlobalSection(SolutionProperties) = preSolution
		HideSolutionNode = FALSE
	EndGlobalSection
	GlobalSection(NestedProjects) = preSolution
		{C6D47E41-7FC9-4611-AC0A-828BCD4B4162} = {8864B8E5-2F23-4778-BBF7-DDEFD166950B}
		{C3F895F9-7AC4-423D-9355-FC2C52CDAD4C} = {FC395345-C5AA-42FE-906B-4392A29C5D6D}
		{BF2CC684-A0E3-4D2A-B193-5FE430C60D21} = {2B1F5CE2-6EB9-4181-929D-09B27A9D948C}
	EndGlobalSection
EndGlobal
